
Microsoft Visual Studio Solution File, Format Version 12.00
# Visual Studio Version 17
VisualStudioVersion = 17.11.35327.3
MinimumVisualStudioVersion = 10.0.40219.1
Project("{FAE04EC0-301F-11D3-BF4B-00C04F79EFBC}") = "Trabajo2", "Trabajo2\Trabajo2.csproj", "{59B4C3B6-0C71-48A2-BB71-12A1319885CA}"
EndProject
Global
	GlobalSection(SolutionConfigurationPlatforms) = preSolution
		Debug|Any CPU = Debug|Any CPU
		Release|Any CPU = Release|Any CPU
	EndGlobalSection
	GlobalSection(ProjectConfigurationPlatforms) = postSolution
		{59B4C3B6-0C71-48A2-BB71-12A1319885CA}.Debug|Any CPU.ActiveCfg = Debug|Any CPU
		{59B4C3B6-0C71-48A2-BB71-12A1319885CA}.Debug|Any CPU.Build.0 = Debug|Any CPU
		{59B4C3B6-0C71-48A2-BB71-12A1319885CA}.Release|Any CPU.ActiveCfg = Release|Any CPU
		{59B4C3B6-0C71-48A2-BB71-12A1319885CA}.Release|Any CPU.Build.0 = Release|Any CPU
	EndGlobalSection
	GlobalSection(SolutionProperties) = preSolution
		HideSolutionNode = FALSE
	EndGlobalSection
	GlobalSection(ExtensibilityGlobals) = postSolution
		SolutionGuid = {62E600A9-43B4-4A2F-B60D-3FD456F2DBB6}
	EndGlobalSection
EndGlobal
